Microsoft Visual Studio Solution File, Format Version 12.00
# Visual Studio Version 17
VisualStudioVersion = 17.5.2.0
MinimumVisualStudioVersion = 10.0.40219.1
Project("{2150E333-8FDC-42A3-9474-1A3956D46DE8}") = "module3-demo", "module3-demo", "{1D6E75CD-7BD3-212E-D1F3-CB012567983A}"
EndProject
Project("{2150E333-8FDC-42A3-9474-1A3956D46DE8}") = "module4-demo", "module4-demo", "{CF177C7C-1D15-1E8F-4D32-3CC64A68CD3E}"
EndProject
Project("{2150E333-8FDC-42A3-9474-1A3956D46DE8}") = "module5-demo", "module5-demo", "{FDB6B8C1-08F4-60CB-FD6B-8ABE4400E1EB}"
EndProject
Project("{2150E333-8FDC-42A3-9474-1A3956D46DE8}") = "module6-demo", "module6-demo", "{E1265328-C5CB-32AF-91A1-042A96E6F568}"
EndProject
Project("{2150E333-8FDC-42A3-9474-1A3956D46DE8}") = "module7-demo", "module7-demo", "{C2AB0707-F420-725E-940E-0149A5711648}"
EndProject
Project("{2150E333-8FDC-42A3-9474-1A3956D46DE8}") = "module8-demo", "module8-demo", "{5F20FCF1-9FAB-26F0-4A8F-CF549921EF33}"
EndProject
Project("{2150E333-8FDC-42A3-9474-1A3956D46DE8}") = "module3-demo", "module3-demo", "{EC84FA91-E476-8B8E-1C7C-6C18C4C9E401}"
EndProject
Project("{2150E333-8FDC-42A3-9474-1A3956D46DE8}") = "src", "src", "{C46E99F4-5AD2-F7A1-0618-53FFDD54BED5}"
EndProject
Project("{FAE04EC0-301F-11D3-BF4B-00C04F79EFBC}") = "Module3.AzureOpenAI.Demo", "module3-demo\module3-demo\src\Module3.AzureOpenAI.Demo.csproj", "{1D707324-CB26-28DA-79ED-FA475F417403}"
EndProject
Project("{2150E333-8FDC-42A3-9474-1A3956D46DE8}") = "module4-demo", "module4-demo", "{77A5D8EF-2450-F9D5-A4AA-CC3AC7CFDB02}"
EndProject
Project("{2150E333-8FDC-42A3-9474-1A3956D46DE8}") = "src", "src", "{9F00C524-54FB-2149-742B-FE105F5B1BD3}"
EndProject
Project("{FAE04EC0-301F-11D3-BF4B-00C04F79EFBC}") = "Module4.PromptEngineering.Demo", "module4-demo\module4-demo\src\Module4.PromptEngineering.Demo.csproj", "{4F1F8EA2-665F-DEB4-0291-4F40943CAF75}"
EndProject
Project("{2150E333-8FDC-42A3-9474-1A3956D46DE8}") = "module5-demo", "module5-demo", "{FA64B385-FDF1-938E-87D1-41CC11EFD2C8}"
EndProject
Project("{2150E333-8FDC-42A3-9474-1A3956D46DE8}") = "src", "src", "{88A1158F-935C-728F-F05E-3C2E48761577}"
EndProject
Project("{FAE04EC0-301F-11D3-BF4B-00C04F79EFBC}") = "Module5.ApiIA.Demo", "module5-demo\module5-demo\src\Module5.ApiIA.Demo.csproj", "{6DE91C7B-9B2C-7091-3FC8-B70DB377BB97}"
EndProject
Project("{2150E333-8FDC-42A3-9474-1A3956D46DE8}") = "module6-demo", "module6-demo", "{34F5D715-DC47-0026-439B-29F7BCA49461}"
EndProject
Project("{2150E333-8FDC-42A3-9474-1A3956D46DE8}") = "src", "src", "{CBCBB4B6-F7A8-0DF1-88D8-5E633F5C24C3}"
EndProject
Project("{FAE04EC0-301F-11D3-BF4B-00C04F79EFBC}") = "Module6.SemanticKernel.Demo", "module6-demo\module6-demo\src\Module6.SemanticKernel.Demo.csproj", "{68CAFD45-399F-64E8-0EEE-D629AA5F768A}"
EndProject
Project("{2150E333-8FDC-42A3-9474-1A3956D46DE8}") = "module7-demo", "module7-demo", "{9D93CE73-D23C-B02B-72A8-DE2AD2CE52FC}"
EndProject
Project("{2150E333-8FDC-42A3-9474-1A3956D46DE8}") = "src", "src", "{DF908347-C6B4-4C1B-12F7-E1C706CCA962}"
EndProject
Project("{FAE04EC0-301F-11D3-BF4B-00C04F79EFBC}") = "Module7.EmbeddingsRag.Demo", "module7-demo\module7-demo\src\Module7.EmbeddingsRag.Demo.csproj", "{580EFFEE-6A9B-9E00-9FEF-801EB572BAF4}"
EndProject
Project("{2150E333-8FDC-42A3-9474-1A3956D46DE8}") = "module8-demo", "module8-demo", "{33E0D9A8-EE32-2ED0-F750-6B0699F3A14C}"
EndProject
Project("{2150E333-8FDC-42A3-9474-1A3956D46DE8}") = "src", "src", "{8E32ABF4-254A-7AD0-A46C-AE8D5813BB8D}"
EndProject
Project("{FAE04EC0-301F-11D3-BF4B-00C04F79EFBC}") = "Module8.MlNet.Demo", "module8-demo\module8-demo\src\Module8.MlNet.Demo.csproj", "{3BD22A53-78C1-C11C-94C2-215628C57F4E}"
EndProject
Global
	GlobalSection(SolutionConfigurationPlatforms) = preSolution
		Debug|Any CPU = Debug|Any CPU
		Release|Any CPU = Release|Any CPU
	EndGlobalSection
	GlobalSection(ProjectConfigurationPlatforms) = postSolution
		{1D707324-CB26-28DA-79ED-FA475F417403}.Debug|Any CPU.ActiveCfg = Debug|Any CPU
		{1D707324-CB26-28DA-79ED-FA475F417403}.Debug|Any CPU.Build.0 = Debug|Any CPU
		{1D707324-CB26-28DA-79ED-FA475F417403}.Release|Any CPU.ActiveCfg = Release|Any CPU
		{1D707324-CB26-28DA-79ED-FA475F417403}.Release|Any CPU.Build.0 = Release|Any CPU
		{4F1F8EA2-665F-DEB4-0291-4F40943CAF75}.Debug|Any CPU.ActiveCfg = Debug|Any CPU
		{4F1F8EA2-665F-DEB4-0291-4F40943CAF75}.Debug|Any CPU.Build.0 = Debug|Any CPU
		{4F1F8EA2-665F-DEB4-0291-4F40943CAF75}.Release|Any CPU.ActiveCfg = Release|Any CPU
		{4F1F8EA2-665F-DEB4-0291-4F40943CAF75}.Release|Any CPU.Build.0 = Release|Any CPU
		{6DE91C7B-9B2C-7091-3FC8-B70DB377BB97}.Debug|Any CPU.ActiveCfg = Debug|Any CPU
		{6DE91C7B-9B2C-7091-3FC8-B70DB377BB97}.Debug|Any CPU.Build.0 = Debug|Any CPU
		{6DE91C7B-9B2C-7091-3FC8-B70DB377BB97}.Release|Any CPU.ActiveCfg = Release|Any CPU
		{6DE91C7B-9B2C-7091-3FC8-B70DB377BB97}.Release|Any CPU.Build.0 = Release|Any CPU
		{68CAFD45-399F-64E8-0EEE-D629AA5F768A}.Debug|Any CPU.ActiveCfg = Debug|Any CPU
		{68CAFD45-399F-64E8-0EEE-D629AA5F768A}.Debug|Any CPU.Build.0 = Debug|Any CPU
		{68CAFD45-399F-64E8-0EEE-D629AA5F768A}.Release|Any CPU.ActiveCfg = Release|Any CPU
		{68CAFD45-399F-64E8-0EEE-D629AA5F768A}.Release|Any CPU.Build.0 = Release|Any CPU
		{580EFFEE-6A9B-9E00-9FEF-801EB572BAF4}.Debug|Any CPU.ActiveCfg = Debug|Any CPU
		{580EFFEE-6A9B-9E00-9FEF-801EB572BAF4}.Debug|Any CPU.Build.0 = Debug|Any CPU
		{580EFFEE-6A9B-9E00-9FEF-801EB572BAF4}.Release|Any CPU.ActiveCfg = Release|Any CPU
		{580EFFEE-6A9B-9E00-9FEF-801EB572BAF4}.Release|Any CPU.Build.0 = Release|Any CPU
		{3BD22A53-78C1-C11C-94C2-215628C57F4E}.Debug|Any CPU.ActiveCfg = Debug|Any CPU
		{3BD22A53-78C1-C11C-94C2-215628C57F4E}.Debug|Any CPU.Build.0 = Debug|Any CPU
		{3BD22A53-78C1-C11C-94C2-215628C57F4E}.Release|Any CPU.ActiveCfg = Release|Any CPU
		{3BD22A53-78C1-C11C-94C2-215628C57F4E}.Release|Any CPU.Build.0 = Release|Any CPU
	EndGlobalSection
	GlobalSection(SolutionProperties) = preSolution
		HideSolutionNode = FALSE
	EndGlobalSection
	GlobalSection(NestedProjects) = preSolution
		{EC84FA91-E476-8B8E-1C7C-6C18C4C9E401} = {1D6E75CD-7BD3-212E-D1F3-CB012567983A}
		{C46E99F4-5AD2-F7A1-0618-53FFDD54BED5} = {EC84FA91-E476-8B8E-1C7C-6C18C4C9E401}
		{1D707324-CB26-28DA-79ED-FA475F417403} = {C46E99F4-5AD2-F7A1-0618-53FFDD54BED5}
		{77A5D8EF-2450-F9D5-A4AA-CC3AC7CFDB02} = {CF177C7C-1D15-1E8F-4D32-3CC64A68CD3E}
		{9F00C524-54FB-2149-742B-FE105F5B1BD3} = {77A5D8EF-2450-F9D5-A4AA-CC3AC7CFDB02}
		{4F1F8EA2-665F-DEB4-0291-4F40943CAF75} = {9F00C524-54FB-2149-742B-FE105F5B1BD3}
		{FA64B385-FDF1-938E-87D1-41CC11EFD2C8} = {FDB6B8C1-08F4-60CB-FD6B-8ABE4400E1EB}
		{88A1158F-935C-728F-F05E-3C2E48761577} = {FA64B385-FDF1-938E-87D1-41CC11EFD2C8}
		{6DE91C7B-9B2C-7091-3FC8-B70DB377BB97} = {88A1158F-935C-728F-F05E-3C2E48761577}
		{34F5D715-DC47-0026-439B-29F7BCA49461} = {E1265328-C5CB-32AF-91A1-042A96E6F568}
		{CBCBB4B6-F7A8-0DF1-88D8-5E633F5C24C3} = {34F5D715-DC47-0026-439B-29F7BCA49461}
		{68CAFD45-399F-64E8-0EEE-D629AA5F768A} = {CBCBB4B6-F7A8-0DF1-88D8-5E633F5C24C3}
		{9D93CE73-D23C-B02B-72A8-DE2AD2CE52FC} = {C2AB0707-F420-725E-940E-0149A5711648}
		{DF908347-C6B4-4C1B-12F7-E1C706CCA962} = {9D93CE73-D23C-B02B-72A8-DE2AD2CE52FC}
		{580EFFEE-6A9B-9E00-9FEF-801EB572BAF4} = {DF908347-C6B4-4C1B-12F7-E1C706CCA962}
		{33E0D9A8-EE32-2ED0-F750-6B0699F3A14C} = {5F20FCF1-9FAB-26F0-4A8F-CF549921EF33}
		{8E32ABF4-254A-7AD0-A46C-AE8D5813BB8D} = {33E0D9A8-EE32-2ED0-F750-6B0699F3A14C}
		{3BD22A53-78C1-C11C-94C2-215628C57F4E} = {8E32ABF4-254A-7AD0-A46C-AE8D5813BB8D}
	EndGlobalSection
	GlobalSection(ExtensibilityGlobals) = postSolution
		SolutionGuid = {A54C2696-9074-411D-9028-AC669818B85A}
	EndGlobalSection
EndGlobal
